// !$*UTF8*$!
{
	archiveVersion = 1;
	classes = {
	};
	objectVersion = 50;
	objects = {

/* Begin PBXBuildFile section */
		93121CD02B73C550004761BE /* AppDelegate.swift in Sources */ = {isa = PBXBuildFile; fileRef = 93121CCF2B73C550004761BE /* AppDelegate.swift */; };
		93121CD22B73C550004761BE /* SceneDelegate.swift in Sources */ = {isa = PBXBuildFile; fileRef = 93121CD12B73C550004761BE /* SceneDelegate.swift */; };
		93121CD42B73C550004761BE /* MainViewController.swift in Sources */ = {isa = PBXBuildFile; fileRef = 93121CD32B73C550004761BE /* MainViewController.swift */; };
		93121CD72B73C550004761BE /* Main.storyboard in Resources */ = {isa = PBXBuildFile; fileRef = 93121CD52B73C550004761BE /* Main.storyboard */; };
		93121CD92B73C559004761BE /* Assets.xcassets in Resources */ = {isa = PBXBuildFile; fileRef = 93121CD82B73C559004761BE /* Assets.xcassets */; };
		93121CDC2B73C559004761BE /* LaunchScreen.storyboard in Resources */ = {isa = PBXBuildFile; fileRef = 93121CDA2B73C559004761BE /* LaunchScreen.storyboard */; };
		93121CEC2B73CDD1004761BE /* GameViewController.swift in Sources */ = {isa = PBXBuildFile; fileRef = 93121CEB2B73CDD1004761BE /* GameViewController.swift */; };
		93121CF02B73CE04004761BE /* LaunchViewController.swift in Sources */ = {isa = PBXBuildFile; fileRef = 93121CEF2B73CE04004761BE /* LaunchViewController.swift */; };
		93121CF42B73D30B004761BE /* GameChoiceButton.swift in Sources */ = {isa = PBXBuildFile; fileRef = 93121CF32B73D30B004761BE /* GameChoiceButton.swift */; };
		93121CF72B73D64C004761BE /* GameChoiceButtonViewModel.swift in Sources */ = {isa = PBXBuildFile; fileRef = 93121CF62B73D64C004761BE /* GameChoiceButtonViewModel.swift */; };
		93EB27572B76204B00D50D75 /* NetworkManager.swift in Sources */ = {isa = PBXBuildFile; fileRef = 93EB27562B76204B00D50D75 /* NetworkManager.swift */; };
		93EB275A2B76206200D50D75 /* NetworkFetchService.swift in Sources */ = {isa = PBXBuildFile; fileRef = 93EB27592B76206200D50D75 /* NetworkFetchService.swift */; };
		93EB275D2B76209E00D50D75 /* EmodjiDataModel.swift in Sources */ = {isa = PBXBuildFile; fileRef = 93EB275C2B76209E00D50D75 /* EmodjiDataModel.swift */; };
		93EB27602B76212E00D50D75 /* NetworkError.swift in Sources */ = {isa = PBXBuildFile; fileRef = 93EB275F2B76212E00D50D75 /* NetworkError.swift */; };
/* End PBXBuildFile section */

/* Begin PBXFileReference section */
		93121CCC2B73C550004761BE /* SpinningWheelApp.app */ = {isa = PBXFileReference; explicitFileType = wrapper.application; includeInIndex = 0; path = SpinningWheelApp.app; sourceTree = BUILT_PRODUCTS_DIR; };
		93121CCF2B73C550004761BE /* AppDelegate.swift */ = {isa = PBXFileReference; lastKnownFileType = sourcecode.swift; path = AppDelegate.swift; sourceTree = "<group>"; };
		93121CD12B73C550004761BE /* SceneDelegate.swift */ = {isa = PBXFileReference; lastKnownFileType = sourcecode.swift; path = SceneDelegate.swift; sourceTree = "<group>"; };
		93121CD32B73C550004761BE /* MainViewController.swift */ = {isa = PBXFileReference; lastKnownFileType = sourcecode.swift; path = MainViewController.swift; sourceTree = "<group>"; };
		93121CD62B73C550004761BE /* Base */ = {isa = PBXFileReference; lastKnownFileType = file.storyboard; name = Base; path = Base.lproj/Main.storyboard; sourceTree = "<group>"; };
		93121CD82B73C559004761BE /* Assets.xcassets */ = {isa = PBXFileReference; lastKnownFileType = folder.assetcatalog; path = Assets.xcassets; sourceTree = "<group>"; };
		93121CDB2B73C559004761BE /* Base */ = {isa = PBXFileReference; lastKnownFileType = file.storyboard; name = Base; path = Base.lproj/LaunchScreen.storyboard; sourceTree = "<group>"; };
		93121CDD2B73C559004761BE /* Info.plist */ = {isa = PBXFileReference; lastKnownFileType = text.plist.xml; path = Info.plist; sourceTree = "<group>"; };
		93121CEB2B73CDD1004761BE /* GameViewController.swift */ = {isa = PBXFileReference; lastKnownFileType = sourcecode.swift; path = GameViewController.swift; sourceTree = "<group>"; };
		93121CEF2B73CE04004761BE /* LaunchViewController.swift */ = {isa = PBXFileReference; lastKnownFileType = sourcecode.swift; path = LaunchViewController.swift; sourceTree = "<group>"; };
		93121CF32B73D30B004761BE /* GameChoiceButton.swift */ = {isa = PBXFileReference; lastKnownFileType = sourcecode.swift; path = GameChoiceButton.swift; sourceTree = "<group>"; };
		93121CF62B73D64C004761BE /* GameChoiceButtonViewModel.swift */ = {isa = PBXFileReference; lastKnownFileType = sourcecode.swift; path = GameChoiceButtonViewModel.swift; sourceTree = "<group>"; };
		93EB27562B76204B00D50D75 /* NetworkManager.swift */ = {isa = PBXFileReference; lastKnownFileType = sourcecode.swift; path = NetworkManager.swift; sourceTree = "<group>"; };
		93EB27592B76206200D50D75 /* NetworkFetchService.swift */ = {isa = PBXFileReference; lastKnownFileType = sourcecode.swift; path = NetworkFetchService.swift; sourceTree = "<group>"; };
		93EB275C2B76209E00D50D75 /* EmodjiDataModel.swift */ = {isa = PBXFileReference; lastKnownFileType = sourcecode.swift; path = EmodjiDataModel.swift; sourceTree = "<group>"; };
		93EB275F2B76212E00D50D75 /* NetworkError.swift */ = {isa = PBXFileReference; lastKnownFileType = sourcecode.swift; path = NetworkError.swift; sourceTree = "<group>"; };
/* End PBXFileReference section */

/* Begin PBXFrameworksBuildPhase section */
		93121CC92B73C550004761BE /* Frameworks */ = {
			isa = PBXFrameworksBuildPhase;
			buildActionMask = 2147483647;
			files = (
			);
			runOnlyForDeploymentPostprocessing = 0;
		};
/* End PBXFrameworksBuildPhase section */

/* Begin PBXGroup section */
		93121CC32B73C550004761BE = {
			isa = PBXGroup;
			children = (
				93121CCE2B73C550004761BE /* SpinningWheelApp */,
				93121CCD2B73C550004761BE /* Products */,
			);
			sourceTree = "<group>";
		};
		93121CCD2B73C550004761BE /* Products */ = {
			isa = PBXGroup;
			children = (
				93121CCC2B73C550004761BE /* SpinningWheelApp.app */,
			);
			name = Products;
			sourceTree = "<group>";
		};
		93121CCE2B73C550004761BE /* SpinningWheelApp */ = {
			isa = PBXGroup;
			children = (
				93121CE72B73C627004761BE /* Models */,
				93121CE82B73C62C004761BE /* Views */,
				93121CE62B73C61C004761BE /* Controllers */,
				93121CE42B73C572004761BE /* SupportingFiles */,
			);
			path = SpinningWheelApp;
			sourceTree = "<group>";
		};
		93121CE42B73C572004761BE /* SupportingFiles */ = {
			isa = PBXGroup;
			children = (
				93121CCF2B73C550004761BE /* AppDelegate.swift */,
				93121CD12B73C550004761BE /* SceneDelegate.swift */,
				93121CD52B73C550004761BE /* Main.storyboard */,
				93121CD82B73C559004761BE /* Assets.xcassets */,
				93121CDA2B73C559004761BE /* LaunchScreen.storyboard */,
				93121CDD2B73C559004761BE /* Info.plist */,
			);
			path = SupportingFiles;
			sourceTree = "<group>";
		};
		93121CE62B73C61C004761BE /* Controllers */ = {
			isa = PBXGroup;
			children = (
				93121CEF2B73CE04004761BE /* LaunchViewController.swift */,
				93121CD32B73C550004761BE /* MainViewController.swift */,
				93121CEB2B73CDD1004761BE /* GameViewController.swift */,
			);
			path = Controllers;
			sourceTree = "<group>";
		};
		93121CE72B73C627004761BE /* Models */ = {
			isa = PBXGroup;
			children = (
				93EB27552B76201B00D50D75 /* DataModels */,
				93EB27542B76201400D50D75 /* Errors */,
				93EB27532B76200B00D50D75 /* Services */,
			);
			path = Models;
			sourceTree = "<group>";
		};
		93121CE82B73C62C004761BE /* Views */ = {
			isa = PBXGroup;
			children = (
				93121CF32B73D30B004761BE /* GameChoiceButton.swift */,
			);
			path = Views;
			sourceTree = "<group>";
		};
		93EB27532B76200B00D50D75 /* Services */ = {
			isa = PBXGroup;
			children = (
				93EB27562B76204B00D50D75 /* NetworkManager.swift */,
				93EB27592B76206200D50D75 /* NetworkFetchService.swift */,
			);
			path = Services;
			sourceTree = "<group>";
		};
		93EB27542B76201400D50D75 /* Errors */ = {
			isa = PBXGroup;
			children = (
				93EB275F2B76212E00D50D75 /* NetworkError.swift */,
			);
			path = Errors;
			sourceTree = "<group>";
		};
		93EB27552B76201B00D50D75 /* DataModels */ = {
			isa = PBXGroup;
			children = (
				93121CF62B73D64C004761BE /* GameChoiceButtonViewModel.swift */,
				93EB275C2B76209E00D50D75 /* EmodjiDataModel.swift */,
			);
			path = DataModels;
			sourceTree = "<group>";
		};
/* End PBXGroup section */

/* Begin PBXNativeTarget section */
		93121CCB2B73C550004761BE /* SpinningWheelApp */ = {
			isa = PBXNativeTarget;
			buildConfigurationList = 93121CE02B73C559004761BE /* Build configuration list for PBXNativeTarget "SpinningWheelApp" */;
			buildPhases = (
				93121CC82B73C550004761BE /* Sources */,
				93121CC92B73C550004761BE /* Frameworks */,
				93121CCA2B73C550004761BE /* Resources */,
			);
			buildRules = (
			);
			dependencies = (
			);
			name = SpinningWheelApp;
			productName = SpinningWheelApp;
			productReference = 93121CCC2B73C550004761BE /* SpinningWheelApp.app */;
			productType = "com.apple.product-type.application";
		};
/* End PBXNativeTarget section */

/* Begin PBXProject section */
		93121CC42B73C550004761BE /* Project object */ = {
			isa = PBXProject;
			attributes = {
				LastSwiftUpdateCheck = 1240;
				LastUpgradeCheck = 1240;
				TargetAttributes = {
					93121CCB2B73C550004761BE = {
						CreatedOnToolsVersion = 12.4;
					};
				};
			};
			buildConfigurationList = 93121CC72B73C550004761BE /* Build configuration list for PBXProject "SpinningWheelApp" */;
			compatibilityVersion = "Xcode 9.3";
			developmentRegion = en;
			hasScannedForEncodings = 0;
			knownRegions = (
				en,
				Base,
			);
			mainGroup = 93121CC32B73C550004761BE;
			productRefGroup = 93121CCD2B73C550004761BE /* Products */;
			projectDirPath = "";
			projectRoot = "";
			targets = (
				93121CCB2B73C550004761BE /* SpinningWheelApp */,
			);
		};
/* End PBXProject section */

/* Begin PBXResourcesBuildPhase section */
		93121CCA2B73C550004761BE /* Resources */ = {
			isa = PBXResourcesBuildPhase;
			buildActionMask = 2147483647;
			files = (
				93121CDC2B73C559004761BE /* LaunchScreen.storyboard in Resources */,
				93121CD92B73C559004761BE /* Assets.xcassets in Resources */,
				93121CD72B73C550004761BE /* Main.storyboard in Resources */,
			);
			runOnlyForDeploymentPostprocessing = 0;
		};
/* End PBXResourcesBuildPhase section */

/* Begin PBXSourcesBuildPhase section */
		93121CC82B73C550004761BE /* Sources */ = {
			isa = PBXSourcesBuildPhase;
			buildActionMask = 2147483647;
			files = (
				93121CEC2B73CDD1004761BE /* GameViewController.swift in Sources */,
				93121CF02B73CE04004761BE /* LaunchViewController.swift in Sources */,
				93EB275A2B76206200D50D75 /* NetworkFetchService.swift in Sources */,
				93121CF42B73D30B004761BE /* GameChoiceButton.swift in Sources */,
				93121CD42B73C550004761BE /* MainViewController.swift in Sources */,
				93EB27572B76204B00D50D75 /* NetworkManager.swift in Sources */,
				93121CD02B73C550004761BE /* AppDelegate.swift in Sources */,
				93EB275D2B76209E00D50D75 /* EmodjiDataModel.swift in Sources */,
				93121CF72B73D64C004761BE /* GameChoiceButtonViewModel.swift in Sources */,
				93EB27602B76212E00D50D75 /* NetworkError.swift in Sources */,
				93121CD22B73C550004761BE /* SceneDelegate.swift in Sources */,
			);
			runOnlyForDeploymentPostprocessing = 0;
		};
/* End PBXSourcesBuildPhase section */

/* Begin PBXVariantGroup section */
		93121CD52B73C550004761BE /* Main.storyboard */ = {
			isa = PBXVariantGroup;
			children = (
				93121CD62B73C550004761BE /* Base */,
			);
			name = Main.storyboard;
			sourceTree = "<group>";
		};
		93121CDA2B73C559004761BE /* LaunchScreen.storyboard */ = {
			isa = PBXVariantGroup;
			children = (
				93121CDB2B73C559004761BE /* Base */,
			);
			name = LaunchScreen.storyboard;
			sourceTree = "<group>";
		};
/* End PBXVariantGroup section */

/* Begin XCBuildConfiguration section */
		93121CDE2B73C559004761BE /* Debug */ = {
			isa = XCBuildConfiguration;
			buildSettings = {
				ALWAYS_SEARCH_USER_PATHS = NO;
				CLANG_ANALYZER_NONNULL = YES;
				CLANG_ANALYZER_NUMBER_OBJECT_CONVERSION = YES_AGGRESSIVE;
				CLANG_CXX_LANGUAGE_STANDARD = "gnu++14";
				CLANG_CXX_LIBRARY = "libc++";
				CLANG_ENABLE_MODULES = YES;
				CLANG_ENABLE_OBJC_ARC = YES;
				CLANG_ENABLE_OBJC_WEAK = YES;
				CLANG_WARN_BLOCK_CAPTURE_AUTORELEASING = YES;
				CLANG_WARN_BOOL_CONVERSION = YES;
				CLANG_WARN_COMMA = YES;
				CLANG_WARN_CONSTANT_CONVERSION = YES;
				CLANG_WARN_DEPRECATED_OBJC_IMPLEMENTATIONS = YES;
				CLANG_WARN_DIRECT_OBJC_ISA_USAGE = YES_ERROR;
				CLANG_WARN_DOCUMENTATION_COMMENTS = YES;
				CLANG_WARN_EMPTY_BODY = YES;
				CLANG_WARN_ENUM_CONVERSION = YES;
				CLANG_WARN_INFINITE_RECURSION = YES;
				CLANG_WARN_INT_CONVERSION = YES;
				CLANG_WARN_NON_LITERAL_NULL_CONVERSION = YES;
				CLANG_WARN_OBJC_IMPLICIT_RETAIN_SELF = YES;
				CLANG_WARN_OBJC_LITERAL_CONVERSION = YES;
				CLANG_WARN_OBJC_ROOT_CLASS = YES_ERROR;
				CLANG_WARN_QUOTED_INCLUDE_IN_FRAMEWORK_HEADER = YES;
				CLANG_WARN_RANGE_LOOP_ANALYSIS = YES;
				CLANG_WARN_STRICT_PROTOTYPES = YES;
				CLANG_WARN_SUSPICIOUS_MOVE = YES;
				CLANG_WARN_UNGUARDED_AVAILABILITY = YES_AGGRESSIVE;
				CLANG_WARN_UNREACHABLE_CODE = YES;
				CLANG_WARN__DUPLICATE_METHOD_MATCH = YES;
				COPY_PHASE_STRIP = NO;
				DEBUG_INFORMATION_FORMAT = dwarf;
				ENABLE_STRICT_OBJC_MSGSEND = YES;
				ENABLE_TESTABILITY = YES;
				GCC_C_LANGUAGE_STANDARD = gnu11;
				GCC_DYNAMIC_NO_PIC = NO;
				GCC_NO_COMMON_BLOCKS = YES;
				GCC_OPTIMIZATION_LEVEL = 0;
				GCC_PREPROCESSOR_DEFINITIONS = (
					"DEBUG=1",
					"$(inherited)",
				);
				GCC_WARN_64_TO_32_BIT_CONVERSION = YES;
				GCC_WARN_ABOUT_RETURN_TYPE = YES_ERROR;
				GCC_WARN_UNDECLARED_SELECTOR = YES;
				GCC_WARN_UNINITIALIZED_AUTOS = YES_AGGRESSIVE;
				GCC_WARN_UNUSED_FUNCTION = YES;
				GCC_WARN_UNUSED_VARIABLE = YES;
				IPHONEOS_DEPLOYMENT_TARGET = 14.4;
				MTL_ENABLE_DEBUG_INFO = INCLUDE_SOURCE;
				MTL_FAST_MATH = YES;
				ONLY_ACTIVE_ARCH = YES;
				SDKROOT = iphoneos;
				SWIFT_ACTIVE_COMPILATION_CONDITIONS = DEBUG;
				SWIFT_OPTIMIZATION_LEVEL = "-Onone";
			};
			name = Debug;
		};
		93121CDF2B73C559004761BE /* Release */ = {
			isa = XCBuildConfiguration;
			buildSettings = {
				ALWAYS_SEARCH_USER_PATHS = NO;
				CLANG_ANALYZER_NONNULL = YES;
				CLANG_ANALYZER_NUMBER_OBJECT_CONVERSION = YES_AGGRESSIVE;
				CLANG_CXX_LANGUAGE_STANDARD = "gnu++14";
				CLANG_CXX_LIBRARY = "libc++";
				CLANG_ENABLE_MODULES = YES;
				CLANG_ENABLE_OBJC_ARC = YES;
				CLANG_ENABLE_OBJC_WEAK = YES;
				CLANG_WARN_BLOCK_CAPTURE_AUTORELEASING = YES;
				CLANG_WARN_BOOL_CONVERSION = YES;
				CLANG_WARN_COMMA = YES;
				CLANG_WARN_CONSTANT_CONVERSION = YES;
				CLANG_WARN_DEPRECATED_OBJC_IMPLEMENTATIONS = YES;
				CLANG_WARN_DIRECT_OBJC_ISA_USAGE = YES_ERROR;
				CLANG_WARN_DOCUMENTATION_COMMENTS = YES;
				CLANG_WARN_EMPTY_BODY = YES;
				CLANG_WARN_ENUM_CONVERSION = YES;
				CLANG_WARN_INFINITE_RECURSION = YES;
				CLANG_WARN_INT_CONVERSION = YES;
				CLANG_WARN_NON_LITERAL_NULL_CONVERSION = YES;
				CLANG_WARN_OBJC_IMPLICIT_RETAIN_SELF = YES;
				CLANG_WARN_OBJC_LITERAL_CONVERSION = YES;
				CLANG_WARN_OBJC_ROOT_CLASS = YES_ERROR;
				CLANG_WARN_QUOTED_INCLUDE_IN_FRAMEWORK_HEADER = YES;
				CLANG_WARN_RANGE_LOOP_ANALYSIS = YES;
				CLANG_WARN_STRICT_PROTOTYPES = YES;
				CLANG_WARN_SUSPICIOUS_MOVE = YES;
				CLANG_WARN_UNGUARDED_AVAILABILITY = YES_AGGRESSIVE;
				CLANG_WARN_UNREACHABLE_CODE = YES;
				CLANG_WARN__DUPLICATE_METHOD_MATCH = YES;
				COPY_PHASE_STRIP = NO;
				DEBUG_INFORMATION_FORMAT = "dwarf-with-dsym";
				ENABLE_NS_ASSERTIONS = NO;
				ENABLE_STRICT_OBJC_MSGSEND = YES;
				GCC_C_LANGUAGE_STANDARD = gnu11;
				GCC_NO_COMMON_BLOCKS = YES;
				GCC_WARN_64_TO_32_BIT_CONVERSION = YES;
				GCC_WARN_ABOUT_RETURN_TYPE = YES_ERROR;
				GCC_WARN_UNDECLARED_SELECTOR = YES;
				GCC_WARN_UNINITIALIZED_AUTOS = YES_AGGRESSIVE;
				GCC_WARN_UNUSED_FUNCTION = YES;
				GCC_WARN_UNUSED_VARIABLE = YES;
				IPHONEOS_DEPLOYMENT_TARGET = 14.4;
				MTL_ENABLE_DEBUG_INFO = NO;
				MTL_FAST_MATH = YES;
				SDKROOT = iphoneos;
				SWIFT_COMPILATION_MODE = wholemodule;
				SWIFT_OPTIMIZATION_LEVEL = "-O";
				VALIDATE_PRODUCT = YES;
			};
			name = Release;
		};
		93121CE12B73C559004761BE /* Debug */ = {
			isa = XCBuildConfiguration;
			buildSettings = {
				ASSETCATALOG_COMPILER_APPICON_NAME = AppIcon;
				ASSETCATALOG_COMPILER_GLOBAL_ACCENT_COLOR_NAME = AccentColor;
				CODE_SIGN_STYLE = Automatic;
				INFOPLIST_FILE = SpinningWheelApp/SupportingFiles/Info.plist;
				LD_RUNPATH_SEARCH_PATHS = (
					"$(inherited)",
					"@executable_path/Frameworks",
				);
				PRODUCT_BUNDLE_IDENTIFIER = MixonUa.SpinningWheelApp;
				PRODUCT_NAME = "$(TARGET_NAME)";
				SWIFT_VERSION = 5.0;
				TARGETED_DEVICE_FAMILY = "1,2";
			};
			name = Debug;
		};
		93121CE22B73C559004761BE /* Release */ = {
			isa = XCBuildConfiguration;
			buildSettings = {
				ASSETCATALOG_COMPILER_APPICON_NAME = AppIcon;
				ASSETCATALOG_COMPILER_GLOBAL_ACCENT_COLOR_NAME = AccentColor;
				CODE_SIGN_STYLE = Automatic;
				INFOPLIST_FILE = SpinningWheelApp/SupportingFiles/Info.plist;
				LD_RUNPATH_SEARCH_PATHS = (
					"$(inherited)",
					"@executable_path/Frameworks",
				);
				PRODUCT_BUNDLE_IDENTIFIER = MixonUa.SpinningWheelApp;
				PRODUCT_NAME = "$(TARGET_NAME)";
				SWIFT_VERSION = 5.0;
				TARGETED_DEVICE_FAMILY = "1,2";
			};
			name = Release;
		};
/* End XCBuildConfiguration section */

/* Begin XCConfigurationList section */
		93121CC72B73C550004761BE /* Build configuration list for PBXProject "SpinningWheelApp" */ = {
			isa = XCConfigurationList;
			buildConfigurations = (
				93121CDE2B73C559004761BE /* Debug */,
				93121CDF2B73C559004761BE /* Release */,
			);
			defaultConfigurationIsVisible = 0;
			defaultConfigurationName = Release;
		};
		93121CE02B73C559004761BE /* Build configuration list for PBXNativeTarget "SpinningWheelApp" */ = {
			isa = XCConfigurationList;
			buildConfigurations = (
				93121CE12B73C559004761BE /* Debug */,
				93121CE22B73C559004761BE /* Release */,
			);
			defaultConfigurationIsVisible = 0;
			defaultConfigurationName = Release;
		};
/* End XCConfigurationList section */
	};
	rootObject = 93121CC42B73C550004761BE /* Project object */;
}
